github.com/RunawayVPN/security v0.0.0-20230124162644-74763fa090d4 h1:jsQDub0f0ZItlUAfE7Xmr83gjjfAiU2ULPBuM2f4NQQ=
github.com/RunawayVPN/security v0.0.0-20230124162644-74763fa090d4/go.mod h1:uAA4ZWZAcmkX5qQbC0FJpU8kNESBYZCDe5Z6OvVg00o=
github.com/RunawayVPN/types v0.0.0-20230124161646-c0dad02a7af2 h1:TuC5UTQJn8qVD3SCjjaWtBTGs7S0Y2ROp/sS/HzRDCU=
github.com/RunawayVPN/types v0.0.0-20230124161646-c0dad02a7af2/go.mod h1:x4S5krckefOJzF5H6DrtMi9yBjcp6+EDcZb+J9jXoCE=
github.com/RunawayVPN/types v0.0.0-20230125075910-85ef06638509 h1:QSGQVc0qNp8NwttRxYnc8TAuxBZMYGQ8zkkHTKWLjyk=
github.com/RunawayVPN/types v0.0.0-20230125075910-85ef06638509/go.mod h1:x4S5krckefOJzF5H6DrtMi9yBjcp6+EDcZb+J9jXoCE=
github.com/RunawayVPN/types v0.0.0-20230125080857-a8439f00b3e8 h1:ZIasoSxaIZ0mwjTaGZWoINuBysQnczirBAbuDKnbeG8=
github.com/RunawayVPN/types v0.0.0-20230125080857-a8439f00b3e8/go.mod h1:x4S5krckefOJzF5H6DrtMi9yBjcp6+EDcZb+J9jXoCE=
github.com/acheong08/crystals-go v0.0.0-20221113173009-20f37d186766 h1:SivOaKka46JOVHKBVh1iUxCvuHQmVVdYM+7lwsZ7lNM=
github.com/acheong08/crystals-go v0.0.0-20221113173009-20f37d186766/go.mod h1:bGOBCYp4Rbac3haOe4f2IM03aw6Z303KGMfcBoQdZrc=
golang.org/x/crypto v0.2.0 h1:BRXPfhNivWL5Yq0BGQ39a2sW6t44aODpfxkWjYdzewE=
golang.org/x/crypto v0.2.0/go.mod h1:hebNnKkNXi2UzZN1eVRvBB7co0a+JxK6XbPiWVs/3J4=
golang.org/x/sys v0.3.0 h1:w8ZOecv6NaNa/zC8944JTU3vz4u6Lagfk4RPQxv92NQ=
golang.org/x/sys v0.3.0/go.mod h1:oPkhp1MJrh7nUepCBck5+mAzfO9JrbApNNgaTdGDITg=
